// !$*UTF8*$!
{
	archiveVersion = 1;
	classes = {
	};
	objectVersion = 50;
	objects = {

/* Begin PBXBuildFile section */
		FAE66712245CD68C00B2B97D /* AppDelegate.swift in Sources */ = {isa = PBXBuildFile; fileRef = FAE66711245CD68C00B2B97D /* AppDelegate.swift */; };
		FAE66714245CD68C00B2B97D /* SceneDelegate.swift in Sources */ = {isa = PBXBuildFile; fileRef = FAE66713245CD68C00B2B97D /* SceneDelegate.swift */; };
		FAE66716245CD68C00B2B97D /* ViewController.swift in Sources */ = {isa = PBXBuildFile; fileRef = FAE66715245CD68C00B2B97D /* ViewController.swift */; };
		FAE66719245CD68C00B2B97D /* Main.storyboard in Resources */ = {isa = PBXBuildFile; fileRef = FAE66717245CD68C00B2B97D /* Main.storyboard */; };
		FAE6671B245CD68E00B2B97D /* Assets.xcassets in Resources */ = {isa = PBXBuildFile; fileRef = FAE6671A245CD68E00B2B97D /* Assets.xcassets */; };
		FAE6671E245CD68E00B2B97D /* LaunchScreen.storyboard in Resources */ = {isa = PBXBuildFile; fileRef = FAE6671C245CD68E00B2B97D /* LaunchScreen.storyboard */; };
		FAE66726245CD6DA00B2B97D /* ResultVC.swift in Sources */ = {isa = PBXBuildFile; fileRef = FAE66725245CD6DA00B2B97D /* ResultVC.swift */; };
/* End PBXBuildFile section */

/* Begin PBXFileReference section */
		FAE6670E245CD68C00B2B97D /* passValueComplete.app */ = {isa = PBXFileReference; explicitFileType = wrapper.application; includeInIndex = 0; path = passValueComplete.app; sourceTree = BUILT_PRODUCTS_DIR; };
		FAE66711245CD68C00B2B97D /* AppDelegate.swift */ = {isa = PBXFileReference; lastKnownFileType = sourcecode.swift; path = AppDelegate.swift; sourceTree = "<group>"; };
		FAE66713245CD68C00B2B97D /* SceneDelegate.swift */ = {isa = PBXFileReference; lastKnownFileType = sourcecode.swift; path = SceneDelegate.swift; sourceTree = "<group>"; };
		FAE66715245CD68C00B2B97D /* ViewController.swift */ = {isa = PBXFileReference; lastKnownFileType = sourcecode.swift; path = ViewController.swift; sourceTree = "<group>"; };
		FAE66718245CD68C00B2B97D /* Base */ = {isa = PBXFileReference; lastKnownFileType = file.storyboard; name = Base; path = Base.lproj/Main.storyboard; sourceTree = "<group>"; };
		FAE6671A245CD68E00B2B97D /* Assets.xcassets */ = {isa = PBXFileReference; lastKnownFileType = folder.assetcatalog; path = Assets.xcassets; sourceTree = "<group>"; };
		FAE6671D245CD68E00B2B97D /* Base */ = {isa = PBXFileReference; lastKnownFileType = file.storyboard; name = Base; path = Base.lproj/LaunchScreen.storyboard; sourceTree = "<group>"; };
		FAE6671F245CD68E00B2B97D /* Info.plist */ = {isa = PBXFileReference; lastKnownFileType = text.plist.xml; path = Info.plist; sourceTree = "<group>"; };
		FAE66725245CD6DA00B2B97D /* ResultVC.swift */ = {isa = PBXFileReference; lastKnownFileType = sourcecode.swift; path = ResultVC.swift; sourceTree = "<group>"; };
/* End PBXFileReference section */

/* Begin PBXFrameworksBuildPhase section */
		FAE6670B245CD68C00B2B97D /* Frameworks */ = {
			isa = PBXFrameworksBuildPhase;
			buildActionMask = 2147483647;
			files = (
			);
			runOnlyForDeploymentPostprocessing = 0;
		};
/* End PBXFrameworksBuildPhase section */

/* Begin PBXGroup section */
		FAE66705245CD68C00B2B97D = {
			isa = PBXGroup;
			children = (
				FAE66710245CD68C00B2B97D /* passValueComplete */,
				FAE6670F245CD68C00B2B97D /* Products */,
			);
			sourceTree = "<group>";
		};
		FAE6670F245CD68C00B2B97D /* Products */ = {
			isa = PBXGroup;
			children = (
				FAE6670E245CD68C00B2B97D /* passValueComplete.app */,
			);
			name = Products;
			sourceTree = "<group>";
		};
		FAE66710245CD68C00B2B97D /* passValueComplete */ = {
			isa = PBXGroup;
			children = (
				FAE66711245CD68C00B2B97D /* AppDelegate.swift */,
				FAE66713245CD68C00B2B97D /* SceneDelegate.swift */,
				FAE66715245CD68C00B2B97D /* ViewController.swift */,
				FAE66717245CD68C00B2B97D /* Main.storyboard */,
				FAE66725245CD6DA00B2B97D /* ResultVC.swift */,
				FAE6671A245CD68E00B2B97D /* Assets.xcassets */,
				FAE6671C245CD68E00B2B97D /* LaunchScreen.storyboard */,
				FAE6671F245CD68E00B2B97D /* Info.plist */,
			);
			path = passValueComplete;
			sourceTree = "<group>";
		};
/* End PBXGroup section */

/* Begin PBXNativeTarget section */
		FAE6670D245CD68C00B2B97D /* passValueComplete */ = {
			isa = PBXNativeTarget;
			buildConfigurationList = FAE66722245CD68E00B2B97D /* Build configuration list for PBXNativeTarget "passValueComplete" */;
			buildPhases = (
				FAE6670A245CD68C00B2B97D /* Sources */,
				FAE6670B245CD68C00B2B97D /* Frameworks */,
				FAE6670C245CD68C00B2B97D /* Resources */,
			);
			buildRules = (
			);
			dependencies = (
			);
			name = passValueComplete;
			productName = passValueComplete;
			productReference = FAE6670E245CD68C00B2B97D /* passValueComplete.app */;
			productType = "com.apple.product-type.application";
		};
/* End PBXNativeTarget section */

/* Begin PBXProject section */
		FAE66706245CD68C00B2B97D /* Project object */ = {
			isa = PBXProject;
			attributes = {
				LastSwiftUpdateCheck = 1140;
				LastUpgradeCheck = 1140;
				ORGANIZATIONNAME = "Ahmad Binmana";
				TargetAttributes = {
					FAE6670D245CD68C00B2B97D = {
						CreatedOnToolsVersion = 11.4.1;
					};
				};
			};
			buildConfigurationList = FAE66709245CD68C00B2B97D /* Build configuration list for PBXProject "passValueComplete" */;
			compatibilityVersion = "Xcode 9.3";
			developmentRegion = en;
			hasScannedForEncodings = 0;
			knownRegions = (
				en,
				Base,
			);
			mainGroup = FAE66705245CD68C00B2B97D;
			productRefGroup = FAE6670F245CD68C00B2B97D /* Products */;
			projectDirPath = "";
			projectRoot = "";
			targets = (
				FAE6670D245CD68C00B2B97D /* passValueComplete */,
			);
		};
/* End PBXProject section */

/* Begin PBXResourcesBuildPhase section */
		FAE6670C245CD68C00B2B97D /* Resources */ = {
			isa = PBXResourcesBuildPhase;
			buildActionMask = 2147483647;
			files = (
				FAE6671E245CD68E00B2B97D /* LaunchScreen.storyboard in Resources */,
				FAE6671B245CD68E00B2B97D /* Assets.xcassets in Resources */,
				FAE66719245CD68C00B2B97D /* Main.storyboard in Resources */,
			);
			runOnlyForDeploymentPostprocessing = 0;
		};
/* End PBXResourcesBuildPhase section */

/* Begin PBXSourcesBuildPhase section */
		FAE6670A245CD68C00B2B97D /* Sources */ = {
			isa = PBXSourcesBuildPhase;
			buildActionMask = 2147483647;
			files = (
				FAE66716245CD68C00B2B97D /* ViewController.swift in Sources */,
				FAE66726245CD6DA00B2B97D /* ResultVC.swift in Sources */,
				FAE66712245CD68C00B2B97D /* AppDelegate.swift in Sources */,
				FAE66714245CD68C00B2B97D /* SceneDelegate.swift in Sources */,
			);
			runOnlyForDeploymentPostprocessing = 0;
		};
/* End PBXSourcesBuildPhase section */

/* Begin PBXVariantGroup section */
		FAE66717245CD68C00B2B97D /* Main.storyboard */ = {
			isa = PBXVariantGroup;
			children = (
				FAE66718245CD68C00B2B97D /* Base */,
			);
			name = Main.storyboard;
			sourceTree = "<group>";
		};
		FAE6671C245CD68E00B2B97D /* LaunchScreen.storyboard */ = {
			isa = PBXVariantGroup;
			children = (
				FAE6671D245CD68E00B2B97D /* Base */,
			);
			name = LaunchScreen.storyboard;
			sourceTree = "<group>";
		};
/* End PBXVariantGroup section */

/* Begin XCBuildConfiguration section */
		FAE66720245CD68E00B2B97D /* Debug */ = {
			isa = XCBuildConfiguration;
			buildSettings = {
				ALWAYS_SEARCH_USER_PATHS = NO;
				CLANG_ANALYZER_NONNULL = YES;
				CLANG_ANALYZER_NUMBER_OBJECT_CONVERSION = YES_AGGRESSIVE;
				CLANG_CXX_LANGUAGE_STANDARD = "gnu++14";
				CLANG_CXX_LIBRARY = "libc++";
				CLANG_ENABLE_MODULES = YES;
				CLANG_ENABLE_OBJC_ARC = YES;
				CLANG_ENABLE_OBJC_WEAK = YES;
				CLANG_WARN_BLOCK_CAPTURE_AUTORELEASING = YES;
				CLANG_WARN_BOOL_CONVERSION = YES;
				CLANG_WARN_COMMA = YES;
				CLANG_WARN_CONSTANT_CONVERSION = YES;
				CLANG_WARN_DEPRECATED_OBJC_IMPLEMENTATIONS = YES;
				CLANG_WARN_DIRECT_OBJC_ISA_USAGE = YES_ERROR;
				CLANG_WARN_DOCUMENTATION_COMMENTS = YES;
				CLANG_WARN_EMPTY_BODY = YES;
				CLANG_WARN_ENUM_CONVERSION = YES;
				CLANG_WARN_INFINITE_RECURSION = YES;
				CLANG_WARN_INT_CONVERSION = YES;
				CLANG_WARN_NON_LITERAL_NULL_CONVERSION = YES;
				CLANG_WARN_OBJC_IMPLICIT_RETAIN_SELF = YES;
				CLANG_WARN_OBJC_LITERAL_CONVERSION = YES;
				CLANG_WARN_OBJC_ROOT_CLASS = YES_ERROR;
				CLANG_WARN_RANGE_LOOP_ANALYSIS = YES;
				CLANG_WARN_STRICT_PROTOTYPES = YES;
				CLANG_WARN_SUSPICIOUS_MOVE = YES;
				CLANG_WARN_UNGUARDED_AVAILABILITY = YES_AGGRESSIVE;
				CLANG_WARN_UNREACHABLE_CODE = YES;
				CLANG_WARN__DUPLICATE_METHOD_MATCH = YES;
				COPY_PHASE_STRIP = NO;
				DEBUG_INFORMATION_FORMAT = dwarf;
				ENABLE_STRICT_OBJC_MSGSEND = YES;
				ENABLE_TESTABILITY = YES;
				GCC_C_LANGUAGE_STANDARD = gnu11;
				GCC_DYNAMIC_NO_PIC = NO;
				GCC_NO_COMMON_BLOCKS = YES;
				GCC_OPTIMIZATION_LEVEL = 0;
				GCC_PREPROCESSOR_DEFINITIONS = (
					"DEBUG=1",
					"$(inherited)",
				);
				GCC_WARN_64_TO_32_BIT_CONVERSION = YES;
				GCC_WARN_ABOUT_RETURN_TYPE = YES_ERROR;
				GCC_WARN_UNDECLARED_SELECTOR = YES;
				GCC_WARN_UNINITIALIZED_AUTOS = YES_AGGRESSIVE;
				GCC_WARN_UNUSED_FUNCTION = YES;
				GCC_WARN_UNUSED_VARIABLE = YES;
				IPHONEOS_DEPLOYMENT_TARGET = 13.4;
				MTL_ENABLE_DEBUG_INFO = INCLUDE_SOURCE;
				MTL_FAST_MATH = YES;
				ONLY_ACTIVE_ARCH = YES;
				SDKROOT = iphoneos;
				SWIFT_ACTIVE_COMPILATION_CONDITIONS = DEBUG;
				SWIFT_OPTIMIZATION_LEVEL = "-Onone";
			};
			name = Debug;
		};
		FAE66721245CD68E00B2B97D /* Release */ = {
			isa = XCBuildConfiguration;
			buildSettings = {
				ALWAYS_SEARCH_USER_PATHS = NO;
				CLANG_ANALYZER_NONNULL = YES;
				CLANG_ANALYZER_NUMBER_OBJECT_CONVERSION = YES_AGGRESSIVE;
				CLANG_CXX_LANGUAGE_STANDARD = "gnu++14";
				CLANG_CXX_LIBRARY = "libc++";
				CLANG_ENABLE_MODULES = YES;
				CLANG_ENABLE_OBJC_ARC = YES;
				CLANG_ENABLE_OBJC_WEAK = YES;
				CLANG_WARN_BLOCK_CAPTURE_AUTORELEASING = YES;
				CLANG_WARN_BOOL_CONVERSION = YES;
				CLANG_WARN_COMMA = YES;
				CLANG_WARN_CONSTANT_CONVERSION = YES;
				CLANG_WARN_DEPRECATED_OBJC_IMPLEMENTATIONS = YES;
				CLANG_WARN_DIRECT_OBJC_ISA_USAGE = YES_ERROR;
				CLANG_WARN_DOCUMENTATION_COMMENTS = YES;
				CLANG_WARN_EMPTY_BODY = YES;
				CLANG_WARN_ENUM_CONVERSION = YES;
				CLANG_WARN_INFINITE_RECURSION = YES;
				CLANG_WARN_INT_CONVERSION = YES;
				CLANG_WARN_NON_LITERAL_NULL_CONVERSION = YES;
				CLANG_WARN_OBJC_IMPLICIT_RETAIN_SELF = YES;
				CLANG_WARN_OBJC_LITERAL_CONVERSION = YES;
				CLANG_WARN_OBJC_ROOT_CLASS = YES_ERROR;
				CLANG_WARN_RANGE_LOOP_ANALYSIS = YES;
				CLANG_WARN_STRICT_PROTOTYPES = YES;
				CLANG_WARN_SUSPICIOUS_MOVE = YES;
				CLANG_WARN_UNGUARDED_AVAILABILITY = YES_AGGRESSIVE;
				CLANG_WARN_UNREACHABLE_CODE = YES;
				CLANG_WARN__DUPLICATE_METHOD_MATCH = YES;
				COPY_PHASE_STRIP = NO;
				DEBUG_INFORMATION_FORMAT = "dwarf-with-dsym";
				ENABLE_NS_ASSERTIONS = NO;
				ENABLE_STRICT_OBJC_MSGSEND = YES;
				GCC_C_LANGUAGE_STANDARD = gnu11;
				GCC_NO_COMMON_BLOCKS = YES;
				GCC_WARN_64_TO_32_BIT_CONVERSION = YES;
				GCC_WARN_ABOUT_RETURN_TYPE = YES_ERROR;
				GCC_WARN_UNDECLARED_SELECTOR = YES;
				GCC_WARN_UNINITIALIZED_AUTOS = YES_AGGRESSIVE;
				GCC_WARN_UNUSED_FUNCTION = YES;
				GCC_WARN_UNUSED_VARIABLE = YES;
				IPHONEOS_DEPLOYMENT_TARGET = 13.4;
				MTL_ENABLE_DEBUG_INFO = NO;
				MTL_FAST_MATH = YES;
				SDKROOT = iphoneos;
				SWIFT_COMPILATION_MODE = wholemodule;
				SWIFT_OPTIMIZATION_LEVEL = "-O";
				VALIDATE_PRODUCT = YES;
			};
			name = Release;
		};
		FAE66723245CD68E00B2B97D /* Debug */ = {
			isa = XCBuildConfiguration;
			buildSettings = {
				ASSETCATALOG_COMPILER_APPICON_NAME = AppIcon;
				CODE_SIGN_STYLE = Automatic;
				DEVELOPMENT_TEAM = B7VCW97TXP;
				INFOPLIST_FILE = passValueComplete/Info.plist;
				LD_RUNPATH_SEARCH_PATHS = (
					"$(inherited)",
					"@executable_path/Frameworks",
				);
				PRODUCT_BUNDLE_IDENTIFIER = com.ahmadbinmana.passValueComplete;
				PRODUCT_NAME = "$(TARGET_NAME)";
				SWIFT_VERSION = 5.0;
				TARGETED_DEVICE_FAMILY = "1,2";
			};
			name = Debug;
		};
		FAE66724245CD68E00B2B97D /* Release */ = {
			isa = XCBuildConfiguration;
			buildSettings = {
				ASSETCATALOG_COMPILER_APPICON_NAME = AppIcon;
				CODE_SIGN_STYLE = Automatic;
				DEVELOPMENT_TEAM = B7VCW97TXP;
				INFOPLIST_FILE = passValueComplete/Info.plist;
				LD_RUNPATH_SEARCH_PATHS = (
					"$(inherited)",
					"@executable_path/Frameworks",
				);
				PRODUCT_BUNDLE_IDENTIFIER = com.ahmadbinmana.passValueComplete;
				PRODUCT_NAME = "$(TARGET_NAME)";
				SWIFT_VERSION = 5.0;
				TARGETED_DEVICE_FAMILY = "1,2";
			};
			name = Release;
		};
/* End XCBuildConfiguration section */

/* Begin XCConfigurationList section */
		FAE66709245CD68C00B2B97D /* Build configuration list for PBXProject "passValueComplete" */ = {
			isa = XCConfigurationList;
			buildConfigurations = (
				FAE66720245CD68E00B2B97D /* Debug */,
				FAE66721245CD68E00B2B97D /* Release */,
			);
			defaultConfigurationIsVisible = 0;
			defaultConfigurationName = Release;
		};
		FAE66722245CD68E00B2B97D /* Build configuration list for PBXNativeTarget "passValueComplete" */ = {
			isa = XCConfigurationList;
			buildConfigurations = (
				FAE66723245CD68E00B2B97D /* Debug */,
				FAE66724245CD68E00B2B97D /* Release */,
			);
			defaultConfigurationIsVisible = 0;
			defaultConfigurationName = Release;
		};
/* End XCConfigurationList section */
	};
	rootObject = FAE66706245CD68C00B2B97D /* Project object */;
}
